
Microsoft Visual Studio Solution File, Format Version 12.00
# Visual Studio Version 17
VisualStudioVersion = 17.11.35219.272
MinimumVisualStudioVersion = 10.0.40219.1
Project("{FAE04EC0-301F-11D3-BF4B-00C04F79EFBC}") = "ChangeDesktopWallpaper", "ChangeDesktopWallpaper\ChangeDesktopWallpaper.csproj", "{EFC912D9-A979-4645-AEC2-7A7DF48885B6}"
EndProject
Project("{FAE04EC0-301F-11D3-BF4B-00C04F79EFBC}") = "GetScreenResolution", "GetScreenResolution\GetScreenResolution.csproj", "{35E5C4DF-4D43-4B7F-B4E1-D853E1F2A857}"
EndProject
Global
	GlobalSection(SolutionConfigurationPlatforms) = preSolution
		Debug|Any CPU = Debug|Any CPU
		Release|Any CPU = Release|Any CPU
	EndGlobalSection
	GlobalSection(ProjectConfigurationPlatforms) = postSolution
		{EFC912D9-A979-4645-AEC2-7A7DF48885B6}.Debug|Any CPU.ActiveCfg = Debug|Any CPU
		{EFC912D9-A979-4645-AEC2-7A7DF48885B6}.Debug|Any CPU.Build.0 = Debug|Any CPU
		{EFC912D9-A979-4645-AEC2-7A7DF48885B6}.Release|Any CPU.ActiveCfg = Release|Any CPU
		{EFC912D9-A979-4645-AEC2-7A7DF48885B6}.Release|Any CPU.Build.0 = Release|Any CPU
		{35E5C4DF-4D43-4B7F-B4E1-D853E1F2A857}.Debug|Any CPU.ActiveCfg = Debug|Any CPU
		{35E5C4DF-4D43-4B7F-B4E1-D853E1F2A857}.Debug|Any CPU.Build.0 = Debug|Any CPU
		{35E5C4DF-4D43-4B7F-B4E1-D853E1F2A857}.Release|Any CPU.ActiveCfg = Release|Any CPU
		{35E5C4DF-4D43-4B7F-B4E1-D853E1F2A857}.Release|Any CPU.Build.0 = Release|Any CPU
	EndGlobalSection
	GlobalSection(SolutionProperties) = preSolution
		HideSolutionNode = FALSE
	EndGlobalSection
	GlobalSection(ExtensibilityGlobals) = postSolution
		SolutionGuid = {709F6CFB-8611-4FDA-9A77-5E90A351DAD8}
	EndGlobalSection
EndGlobal
