
Microsoft Visual Studio Solution File, Format Version 12.00
# Visual Studio Version 17
VisualStudioVersion = 17.11.35219.272
MinimumVisualStudioVersion = 10.0.40219.1
Project("{FAE04EC0-301F-11D3-BF4B-00C04F79EFBC}") = "ChangeDesktopWallpaper", "ChangeDesktopWallpaper\ChangeDesktopWallpaper.csproj", "{EFC912D9-A979-4645-AEC2-7A7DF48885B6}"
EndProject
Project("{FAE04EC0-301F-11D3-BF4B-00C04F79EFBC}") = "GetScreenResolution", "GetScreenResolution\GetScreenResolution.csproj", "{35E5C4DF-4D43-4B7F-B4E1-D853E1F2A857}"
EndProject
Project("{FAE04EC0-301F-11D3-BF4B-00C04F79EFBC}") = "BatteryInfo", "BatteryInfo\BatteryInfo.csproj", "{C81B2230-F64A-4387-B0D2-3F35890E7143}"
EndProject
Project("{FAE04EC0-301F-11D3-BF4B-00C04F79EFBC}") = "ShutdownWindows", "ShutdownWindows\ShutdownWindows.csproj", "{F2BCB25A-404C-41FC-A3C4-A1EC178906FE}"
EndProject
Project("{FAE04EC0-301F-11D3-BF4B-00C04F79EFBC}") = "MessageBox", "MessageBox\MessageBox.csproj", "{224ABE91-693F-43EC-8D32-B1092F375229}"
EndProject
Project("{FAE04EC0-301F-11D3-BF4B-00C04F79EFBC}") = "RunningProcesses", "RunningProcess\RunningProcesses.csproj", "{C2ED6C92-13E6-41AC-BA36-B81AC04F3C8C}"
EndProject
Project("{FAE04EC0-301F-11D3-BF4B-00C04F79EFBC}") = "AudioAPI", "AudioAPI\AudioAPI.csproj", "{860D1146-8C03-411B-88F6-30FA3E1AEE46}"
EndProject
Project("{FAE04EC0-301F-11D3-BF4B-00C04F79EFBC}") = "OutlookEmailSender", "OutlookEmailSender\OutlookEmailSender.csproj", "{DD738F71-DFE8-4769-A537-E38255428B68}"
EndProject
Project("{FAE04EC0-301F-11D3-BF4B-00C04F79EFBC}") = "CreateWordDocument", "CreateWordDocument\CreateWordDocument.csproj", "{293C8514-0105-435A-9B4B-EFED9D7EFAC4}"
EndProject
Project("{FAE04EC0-301F-11D3-BF4B-00C04F79EFBC}") = "CreateExcelDocument", "CreateExcelDocument\CreateExcelDocument.csproj", "{7B0854F6-00B2-49B9-B4FD-D10A4DA23A11}"
EndProject
Project("{FAE04EC0-301F-11D3-BF4B-00C04F79EFBC}") = "createPowerPoint", "createPowerPoint\createPowerPoint.csproj", "{B16E1F5E-755A-4F44-AA8F-B7BB1DF49389}"
EndProject
Global
	GlobalSection(SolutionConfigurationPlatforms) = preSolution
		Debug|Any CPU = Debug|Any CPU
		Release|Any CPU = Release|Any CPU
	EndGlobalSection
	GlobalSection(ProjectConfigurationPlatforms) = postSolution
		{EFC912D9-A979-4645-AEC2-7A7DF48885B6}.Debug|Any CPU.ActiveCfg = Debug|Any CPU
		{EFC912D9-A979-4645-AEC2-7A7DF48885B6}.Debug|Any CPU.Build.0 = Debug|Any CPU
		{EFC912D9-A979-4645-AEC2-7A7DF48885B6}.Release|Any CPU.ActiveCfg = Release|Any CPU
		{EFC912D9-A979-4645-AEC2-7A7DF48885B6}.Release|Any CPU.Build.0 = Release|Any CPU
		{35E5C4DF-4D43-4B7F-B4E1-D853E1F2A857}.Debug|Any CPU.ActiveCfg = Debug|Any CPU
		{35E5C4DF-4D43-4B7F-B4E1-D853E1F2A857}.Debug|Any CPU.Build.0 = Debug|Any CPU
		{35E5C4DF-4D43-4B7F-B4E1-D853E1F2A857}.Release|Any CPU.ActiveCfg = Release|Any CPU
		{35E5C4DF-4D43-4B7F-B4E1-D853E1F2A857}.Release|Any CPU.Build.0 = Release|Any CPU
		{C81B2230-F64A-4387-B0D2-3F35890E7143}.Debug|Any CPU.ActiveCfg = Debug|Any CPU
		{C81B2230-F64A-4387-B0D2-3F35890E7143}.Debug|Any CPU.Build.0 = Debug|Any CPU
		{C81B2230-F64A-4387-B0D2-3F35890E7143}.Release|Any CPU.ActiveCfg = Release|Any CPU
		{C81B2230-F64A-4387-B0D2-3F35890E7143}.Release|Any CPU.Build.0 = Release|Any CPU
		{F2BCB25A-404C-41FC-A3C4-A1EC178906FE}.Debug|Any CPU.ActiveCfg = Debug|Any CPU
		{F2BCB25A-404C-41FC-A3C4-A1EC178906FE}.Debug|Any CPU.Build.0 = Debug|Any CPU
		{F2BCB25A-404C-41FC-A3C4-A1EC178906FE}.Release|Any CPU.ActiveCfg = Release|Any CPU
		{F2BCB25A-404C-41FC-A3C4-A1EC178906FE}.Release|Any CPU.Build.0 = Release|Any CPU
		{224ABE91-693F-43EC-8D32-B1092F375229}.Debug|Any CPU.ActiveCfg = Debug|Any CPU
		{224ABE91-693F-43EC-8D32-B1092F375229}.Debug|Any CPU.Build.0 = Debug|Any CPU
		{224ABE91-693F-43EC-8D32-B1092F375229}.Release|Any CPU.ActiveCfg = Release|Any CPU
		{224ABE91-693F-43EC-8D32-B1092F375229}.Release|Any CPU.Build.0 = Release|Any CPU
		{C2ED6C92-13E6-41AC-BA36-B81AC04F3C8C}.Debug|Any CPU.ActiveCfg = Debug|Any CPU
		{C2ED6C92-13E6-41AC-BA36-B81AC04F3C8C}.Debug|Any CPU.Build.0 = Debug|Any CPU
		{C2ED6C92-13E6-41AC-BA36-B81AC04F3C8C}.Release|Any CPU.ActiveCfg = Release|Any CPU
		{C2ED6C92-13E6-41AC-BA36-B81AC04F3C8C}.Release|Any CPU.Build.0 = Release|Any CPU
		{860D1146-8C03-411B-88F6-30FA3E1AEE46}.Debug|Any CPU.ActiveCfg = Debug|Any CPU
		{860D1146-8C03-411B-88F6-30FA3E1AEE46}.Debug|Any CPU.Build.0 = Debug|Any CPU
		{860D1146-8C03-411B-88F6-30FA3E1AEE46}.Release|Any CPU.ActiveCfg = Release|Any CPU
		{860D1146-8C03-411B-88F6-30FA3E1AEE46}.Release|Any CPU.Build.0 = Release|Any CPU
		{DD738F71-DFE8-4769-A537-E38255428B68}.Debug|Any CPU.ActiveCfg = Debug|Any CPU
		{DD738F71-DFE8-4769-A537-E38255428B68}.Debug|Any CPU.Build.0 = Debug|Any CPU
		{DD738F71-DFE8-4769-A537-E38255428B68}.Release|Any CPU.ActiveCfg = Release|Any CPU
		{DD738F71-DFE8-4769-A537-E38255428B68}.Release|Any CPU.Build.0 = Release|Any CPU
		{293C8514-0105-435A-9B4B-EFED9D7EFAC4}.Debug|Any CPU.ActiveCfg = Debug|Any CPU
		{293C8514-0105-435A-9B4B-EFED9D7EFAC4}.Debug|Any CPU.Build.0 = Debug|Any CPU
		{293C8514-0105-435A-9B4B-EFED9D7EFAC4}.Release|Any CPU.ActiveCfg = Release|Any CPU
		{293C8514-0105-435A-9B4B-EFED9D7EFAC4}.Release|Any CPU.Build.0 = Release|Any CPU
		{7B0854F6-00B2-49B9-B4FD-D10A4DA23A11}.Debug|Any CPU.ActiveCfg = Debug|Any CPU
		{7B0854F6-00B2-49B9-B4FD-D10A4DA23A11}.Debug|Any CPU.Build.0 = Debug|Any CPU
		{7B0854F6-00B2-49B9-B4FD-D10A4DA23A11}.Release|Any CPU.ActiveCfg = Release|Any CPU
		{7B0854F6-00B2-49B9-B4FD-D10A4DA23A11}.Release|Any CPU.Build.0 = Release|Any CPU
		{B16E1F5E-755A-4F44-AA8F-B7BB1DF49389}.Debug|Any CPU.ActiveCfg = Debug|Any CPU
		{B16E1F5E-755A-4F44-AA8F-B7BB1DF49389}.Debug|Any CPU.Build.0 = Debug|Any CPU
		{B16E1F5E-755A-4F44-AA8F-B7BB1DF49389}.Release|Any CPU.ActiveCfg = Release|Any CPU
		{B16E1F5E-755A-4F44-AA8F-B7BB1DF49389}.Release|Any CPU.Build.0 = Release|Any CPU
	EndGlobalSection
	GlobalSection(SolutionProperties) = preSolution
		HideSolutionNode = FALSE
	EndGlobalSection
	GlobalSection(ExtensibilityGlobals) = postSolution
		SolutionGuid = {709F6CFB-8611-4FDA-9A77-5E90A351DAD8}
	EndGlobalSection
EndGlobal
